<?xml version="1.0" encoding="utf-8"?>
<Project ToolsVersion="4.0" xmlns="http://schemas.microsoft.com/developer/msbuild/2003">
  <ItemGroup>
    <Filter Include="Source Files">
      <UniqueIdentifier>{4FC737F1-C7A5-4376-A066-2A32D752A2FF}</UniqueIdentifier>
      <Extensions>cpp;c;cc;cxx;c++;cppm;ixx;def;odl;idl;hpj;bat;asm;asmx</Extensions>
    </Filter>
    <Filter Include="Header Files">
      <UniqueIdentifier>{93995380-89BD-4b04-88EB-625FBE52EBFB}</UniqueIdentifier>
      <Extensions>h;hh;hpp;hxx;h++;hm;inl;inc;ipp;xsd</Extensions>
    </Filter>
    <Filter Include="Resource Files">
      <UniqueIdentifier>{67DA6AB6-F800-4c08-8B7A-83BB121AAD01}</UniqueIdentifier>
      <Extensions>rc;ico;cur;bmp;dlg;rc2;rct;bin;rgs;gif;jpg;jpeg;jpe;resx;tiff;tif;png;wav;mfcribbon-ms</Extensions>
    </Filter>
  </ItemGroup>
  <ItemGroup>
    <ClInclude Include="include\Engine\Core.h">
      <Filter>Header Files</Filter>
    </ClInclude>
    <ClInclude Include="include\Engine\Application.h">
      <Filter>Header Files</Filter>
    </ClInclude>
    <ClInclude Include="include\ChickenEngine.h">
      <Filter>Header Files</Filter>
    </ClInclude>
    <ClInclude Include="include\Engine\EntryPoint.h">
      <Filter>Header Files</Filter>
    </ClInclude>
    <ClInclude Include="include\Engine\Log.h">
      <Filter>Header Files</Filter>
    </ClInclude>
    <ClInclude Include="include\Engine\Events\Event.h">
      <Filter>Header Files</Filter>
    </ClInclude>
    <ClInclude Include="include\Engine\Events\ApplicationEvent.h">
      <Filter>Header Files</Filter>
    </ClInclude>
    <ClInclude Include="include\Engine\Events\KeyEvent.h">
      <Filter>Header Files</Filter>
    </ClInclude>
    <ClInclude Include="include\Engine\Events\MouseEvent.h">
      <Filter>Header Files</Filter>
    </ClInclude>
    <ClInclude Include="include\pch.h">
      <Filter>Header Files</Filter>
    </ClInclude>
    <ClInclude Include="include\Engine\ImguiManager.h">
      <Filter>Header Files</Filter>
    </ClInclude>
    <ClInclude Include="include\Engine\Window.h">
      <Filter>Header Files</Filter>
    </ClInclude>
    <ClInclude Include="resource.h">
      <Filter>Header Files</Filter>
    </ClInclude>
    <ClInclude Include="include\Engine\GameTimer.h">
      <Filter>Header Files</Filter>
    </ClInclude>
    <ClInclude Include="include\Helper\d3dx12.h">
      <Filter>Header Files</Filter>
    </ClInclude>
    <ClInclude Include="include\Renderer\DX12Renderer\DX12Renderer.h">
      <Filter>Header Files</Filter>
    </ClInclude>
    <ClInclude Include="include\Renderer\DX12Renderer\Buffer.h">
      <Filter>Header Files</Filter>
    </ClInclude>
    <ClInclude Include="include\Renderer\DX12Renderer\Shader.h">
      <Filter>Header Files</Filter>
    </ClInclude>
    <ClInclude Include="include\Helper\DX12CommonHeader.h">
      <Filter>Header Files</Filter>
    </ClInclude>
    <ClInclude Include="include\Renderer\DX12Renderer\RootSignature.h">
      <Filter>Header Files</Filter>
    </ClInclude>
    <ClInclude Include="include\Engine\ResourceManager.h">
      <Filter>Header Files</Filter>
    </ClInclude>
    <ClInclude Include="include\Renderer\DX12Renderer\InputLayout.h">
      <Filter>Header Files</Filter>
    </ClInclude>
    <ClInclude Include="include\Renderer\DX12Renderer\Texture.h">
      <Filter>Header Files</Filter>
    </ClInclude>
    <ClInclude Include="include\ThirdParty\spdlog\async.h">
      <Filter>Header Files</Filter>
    </ClInclude>
    <ClInclude Include="include\ThirdParty\spdlog\async_logger.h">
      <Filter>Header Files</Filter>
    </ClInclude>
    <ClInclude Include="include\ThirdParty\spdlog\async_logger-inl.h">
      <Filter>Header Files</Filter>
    </ClInclude>
    <ClInclude Include="include\ThirdParty\spdlog\common.h">
      <Filter>Header Files</Filter>
    </ClInclude>
    <ClInclude Include="include\ThirdParty\spdlog\common-inl.h">
      <Filter>Header Files</Filter>
    </ClInclude>
    <ClInclude Include="include\ThirdParty\spdlog\formatter.h">
      <Filter>Header Files</Filter>
    </ClInclude>
    <ClInclude Include="include\ThirdParty\spdlog\fwd.h">
      <Filter>Header Files</Filter>
    </ClInclude>
    <ClInclude Include="include\ThirdParty\spdlog\logger.h">
      <Filter>Header Files</Filter>
    </ClInclude>
    <ClInclude Include="include\ThirdParty\spdlog\logger-inl.h">
      <Filter>Header Files</Filter>
    </ClInclude>
    <ClInclude Include="include\ThirdParty\spdlog\pattern_formatter.h">
      <Filter>Header Files</Filter>
    </ClInclude>
    <ClInclude Include="include\ThirdParty\spdlog\pattern_formatter-inl.h">
      <Filter>Header Files</Filter>
    </ClInclude>
    <ClInclude Include="include\ThirdParty\spdlog\spdlog.h">
      <Filter>Header Files</Filter>
    </ClInclude>
    <ClInclude Include="include\ThirdParty\spdlog\spdlog-inl.h">
      <Filter>Header Files</Filter>
    </ClInclude>
    <ClInclude Include="include\ThirdParty\spdlog\stopwatch.h">
      <Filter>Header Files</Filter>
    </ClInclude>
    <ClInclude Include="include\ThirdParty\spdlog\tweakme.h">
      <Filter>Header Files</Filter>
    </ClInclude>
    <ClInclude Include="include\ThirdParty\spdlog\version.h">
      <Filter>Header Files</Filter>
    </ClInclude>
    <ClInclude Include="include\ThirdParty\imgui\imconfig.h">
      <Filter>Header Files</Filter>
    </ClInclude>
    <ClInclude Include="include\ThirdParty\imgui\imgui.h">
      <Filter>Header Files</Filter>
    </ClInclude>
    <ClInclude Include="include\ThirdParty\imgui\imgui_impl_dx12.h">
      <Filter>Header Files</Filter>
    </ClInclude>
    <ClInclude Include="include\ThirdParty\imgui\imgui_impl_win32.h">
      <Filter>Header Files</Filter>
    </ClInclude>
    <ClInclude Include="include\ThirdParty\imgui\imgui_internal.h">
      <Filter>Header Files</Filter>
    </ClInclude>
    <ClInclude Include="include\ThirdParty\imgui\imstb_rectpack.h">
      <Filter>Header Files</Filter>
    </ClInclude>
    <ClInclude Include="include\ThirdParty\imgui\imstb_textedit.h">
      <Filter>Header Files</Filter>
    </ClInclude>
    <ClInclude Include="include\ThirdParty\imgui\imstb_truetype.h">
      <Filter>Header Files</Filter>
    </ClInclude>
    <ClInclude Include="include\ThirdParty\WICTextureLoader\WICTextureLoader12.h">
      <Filter>Header Files</Filter>
    </ClInclude>
    <ClInclude Include="include\Renderer\DX12Renderer\RenderItem.h">
      <Filter>Header Files</Filter>
    </ClInclude>
    <ClInclude Include="include\Helper\MathHelper.h">
      <Filter>Header Files</Filter>
    </ClInclude>
    <ClInclude Include="include\Engine\Scene\Mesh.h">
      <Filter>Header Files</Filter>
    </ClInclude>
    <ClInclude Include="include\Helper\Singleton.h">
      <Filter>Header Files</Filter>
    </ClInclude>
    <ClInclude Include="include\Renderer\DX12Renderer\PSO.h">
      <Filter>Header Files</Filter>
    </ClInclude>
    <ClInclude Include="include\Renderer\DX12Renderer\Device.h">
      <Filter>Header Files</Filter>
    </ClInclude>
    <ClInclude Include="include\Renderer\DX12Renderer\CommandList.h">
      <Filter>Header Files</Filter>
    </ClInclude>
    <ClInclude Include="include\Engine\Scene\Camera.h">
      <Filter>Header Files</Filter>
    </ClInclude>
    <ClInclude Include="include\Renderer\DX12Renderer\UploadBuffer.h">
      <Filter>Header Files</Filter>
    </ClInclude>
    <ClInclude Include="include\Helper\MouseButtonEnum.h">
      <Filter>Header Files</Filter>
    </ClInclude>
    <ClInclude Include="include\Engine\Scene\RenderObject.h">
      <Filter>Header Files</Filter>
    </ClInclude>
    <ClInclude Include="include\Renderer\DX12Renderer\FrameResource.h">
      <Filter>Header Files</Filter>
    </ClInclude>
    <ClInclude Include="include\Engine\Scene\SceneManager.h">
      <Filter>Header Files</Filter>
    </ClInclude>
    <ClInclude Include="include\Helper\FileHelper.h">
      <Filter>Header Files</Filter>
    </ClInclude>
    <ClInclude Include="include\ThirdParty\assimp\aabb.h">
      <Filter>Header Files</Filter>
    </ClInclude>
    <ClInclude Include="include\ThirdParty\assimp\ai_assert.h">
      <Filter>Header Files</Filter>
    </ClInclude>
    <ClInclude Include="include\ThirdParty\assimp\anim.h">
      <Filter>Header Files</Filter>
    </ClInclude>
    <ClInclude Include="include\ThirdParty\assimp\BaseImporter.h">
      <Filter>Header Files</Filter>
    </ClInclude>
    <ClInclude Include="include\ThirdParty\assimp\Bitmap.h">
      <Filter>Header Files</Filter>
    </ClInclude>
    <ClInclude Include="include\ThirdParty\assimp\BlobIOSystem.h">
      <Filter>Header Files</Filter>
    </ClInclude>
    <ClInclude Include="include\ThirdParty\assimp\ByteSwapper.h">
      <Filter>Header Files</Filter>
    </ClInclude>
    <ClInclude Include="include\ThirdParty\assimp\camera.h">
      <Filter>Header Files</Filter>
    </ClInclude>
    <ClInclude Include="include\ThirdParty\assimp\cexport.h">
      <Filter>Header Files</Filter>
    </ClInclude>
    <ClInclude Include="include\ThirdParty\assimp\cfileio.h">
      <Filter>Header Files</Filter>
    </ClInclude>
    <ClInclude Include="include\ThirdParty\assimp\cimport.h">
      <Filter>Header Files</Filter>
    </ClInclude>
    <ClInclude Include="include\ThirdParty\assimp\ColladaMetaData.h">
      <Filter>Header Files</Filter>
    </ClInclude>
    <ClInclude Include="include\ThirdParty\assimp\color4.h">
      <Filter>Header Files</Filter>
    </ClInclude>
    <ClInclude Include="include\ThirdParty\assimp\commonMetaData.h">
      <Filter>Header Files</Filter>
    </ClInclude>
    <ClInclude Include="include\ThirdParty\assimp\config.h">
      <Filter>Header Files</Filter>
    </ClInclude>
    <ClInclude Include="include\ThirdParty\assimp\CreateAnimMesh.h">
      <Filter>Header Files</Filter>
    </ClInclude>
    <ClInclude Include="include\ThirdParty\assimp\DefaultIOStream.h">
      <Filter>Header Files</Filter>
    </ClInclude>
    <ClInclude Include="include\ThirdParty\assimp\DefaultIOSystem.h">
      <Filter>Header Files</Filter>
    </ClInclude>
    <ClInclude Include="include\ThirdParty\assimp\DefaultLogger.hpp">
      <Filter>Header Files</Filter>
    </ClInclude>
    <ClInclude Include="include\ThirdParty\assimp\defs.h">
      <Filter>Header Files</Filter>
    </ClInclude>
    <ClInclude Include="include\ThirdParty\assimp\Exceptional.h">
      <Filter>Header Files</Filter>
    </ClInclude>
    <ClInclude Include="include\ThirdParty\assimp\Exporter.hpp">
      <Filter>Header Files</Filter>
    </ClInclude>
    <ClInclude Include="include\ThirdParty\assimp\fast_atof.h">
      <Filter>Header Files</Filter>
    </ClInclude>
    <ClInclude Include="include\ThirdParty\assimp\GenericProperty.h">
      <Filter>Header Files</Filter>
    </ClInclude>
    <ClInclude Include="include\ThirdParty\assimp\GltfMaterial.h">
      <Filter>Header Files</Filter>
    </ClInclude>
    <ClInclude Include="include\ThirdParty\assimp\Hash.h">
      <Filter>Header Files</Filter>
    </ClInclude>
    <ClInclude Include="include\ThirdParty\assimp\Importer.hpp">
      <Filter>Header Files</Filter>
    </ClInclude>
    <ClInclude Include="include\ThirdParty\assimp\importerdesc.h">
      <Filter>Header Files</Filter>
    </ClInclude>
    <ClInclude Include="include\ThirdParty\assimp\IOStream.hpp">
      <Filter>Header Files</Filter>
    </ClInclude>
    <ClInclude Include="include\ThirdParty\assimp\IOStreamBuffer.h">
      <Filter>Header Files</Filter>
    </ClInclude>
    <ClInclude Include="include\ThirdParty\assimp\IOSystem.hpp">
      <Filter>Header Files</Filter>
    </ClInclude>
    <ClInclude Include="include\ThirdParty\assimp\light.h">
      <Filter>Header Files</Filter>
    </ClInclude>
    <ClInclude Include="include\ThirdParty\assimp\LineSplitter.h">
      <Filter>Header Files</Filter>
    </ClInclude>
    <ClInclude Include="include\ThirdParty\assimp\LogAux.h">
      <Filter>Header Files</Filter>
    </ClInclude>
    <ClInclude Include="include\ThirdParty\assimp\Logger.hpp">
      <Filter>Header Files</Filter>
    </ClInclude>
    <ClInclude Include="include\ThirdParty\assimp\LogStream.hpp">
      <Filter>Header Files</Filter>
    </ClInclude>
    <ClInclude Include="include\ThirdParty\assimp\material.h">
      <Filter>Header Files</Filter>
    </ClInclude>
    <ClInclude Include="include\ThirdParty\assimp\MathFunctions.h">
      <Filter>Header Files</Filter>
    </ClInclude>
    <ClInclude Include="include\ThirdParty\assimp\matrix3x3.h">
      <Filter>Header Files</Filter>
    </ClInclude>
    <ClInclude Include="include\ThirdParty\assimp\matrix4x4.h">
      <Filter>Header Files</Filter>
    </ClInclude>
    <ClInclude Include="include\ThirdParty\assimp\MemoryIOWrapper.h">
      <Filter>Header Files</Filter>
    </ClInclude>
    <ClInclude Include="include\ThirdParty\assimp\mesh.h">
      <Filter>Header Files</Filter>
    </ClInclude>
    <ClInclude Include="include\ThirdParty\assimp\metadata.h">
      <Filter>Header Files</Filter>
    </ClInclude>
    <ClInclude Include="include\ThirdParty\assimp\NullLogger.hpp">
      <Filter>Header Files</Filter>
    </ClInclude>
    <ClInclude Include="include\ThirdParty\assimp\ParsingUtils.h">
      <Filter>Header Files</Filter>
    </ClInclude>
    <ClInclude Include="include\ThirdParty\assimp\pbrmaterial.h">
      <Filter>Header Files</Filter>
    </ClInclude>
    <ClInclude Include="include\ThirdParty\assimp\postprocess.h">
      <Filter>Header Files</Filter>
    </ClInclude>
    <ClInclude Include="include\ThirdParty\assimp\Profiler.h">
      <Filter>Header Files</Filter>
    </ClInclude>
    <ClInclude Include="include\ThirdParty\assimp\ProgressHandler.hpp">
      <Filter>Header Files</Filter>
    </ClInclude>
    <ClInclude Include="include\ThirdParty\assimp\qnan.h">
      <Filter>Header Files</Filter>
    </ClInclude>
    <ClInclude Include="include\ThirdParty\assimp\quaternion.h">
      <Filter>Header Files</Filter>
    </ClInclude>
    <ClInclude Include="include\ThirdParty\assimp\RemoveComments.h">
      <Filter>Header Files</Filter>
    </ClInclude>
    <ClInclude Include="include\ThirdParty\assimp\scene.h">
      <Filter>Header Files</Filter>
    </ClInclude>
    <ClInclude Include="include\ThirdParty\assimp\SceneCombiner.h">
      <Filter>Header Files</Filter>
    </ClInclude>
    <ClInclude Include="include\ThirdParty\assimp\SGSpatialSort.h">
      <Filter>Header Files</Filter>
    </ClInclude>
    <ClInclude Include="include\ThirdParty\assimp\SkeletonMeshBuilder.h">
      <Filter>Header Files</Filter>
    </ClInclude>
    <ClInclude Include="include\ThirdParty\assimp\SmallVector.h">
      <Filter>Header Files</Filter>
    </ClInclude>
    <ClInclude Include="include\ThirdParty\assimp\SmoothingGroups.h">
      <Filter>Header Files</Filter>
    </ClInclude>
    <ClInclude Include="include\ThirdParty\assimp\SpatialSort.h">
      <Filter>Header Files</Filter>
    </ClInclude>
    <ClInclude Include="include\ThirdParty\assimp\StandardShapes.h">
      <Filter>Header Files</Filter>
    </ClInclude>
    <ClInclude Include="include\ThirdParty\assimp\StreamReader.h">
      <Filter>Header Files</Filter>
    </ClInclude>
    <ClInclude Include="include\ThirdParty\assimp\StreamWriter.h">
      <Filter>Header Files</Filter>
    </ClInclude>
    <ClInclude Include="include\ThirdParty\assimp\StringComparison.h">
      <Filter>Header Files</Filter>
    </ClInclude>
    <ClInclude Include="include\ThirdParty\assimp\StringUtils.h">
      <Filter>Header Files</Filter>
    </ClInclude>
    <ClInclude Include="include\ThirdParty\assimp\Subdivision.h">
      <Filter>Header Files</Filter>
    </ClInclude>
    <ClInclude Include="include\ThirdParty\assimp\texture.h">
      <Filter>Header Files</Filter>
    </ClInclude>
    <ClInclude Include="include\ThirdParty\assimp\TinyFormatter.h">
      <Filter>Header Files</Filter>
    </ClInclude>
    <ClInclude Include="include\ThirdParty\assimp\types.h">
      <Filter>Header Files</Filter>
    </ClInclude>
    <ClInclude Include="include\ThirdParty\assimp\vector2.h">
      <Filter>Header Files</Filter>
    </ClInclude>
    <ClInclude Include="include\ThirdParty\assimp\vector3.h">
      <Filter>Header Files</Filter>
    </ClInclude>
    <ClInclude Include="include\ThirdParty\assimp\version.h">
      <Filter>Header Files</Filter>
    </ClInclude>
    <ClInclude Include="include\ThirdParty\assimp\Vertex.h">
      <Filter>Header Files</Filter>
    </ClInclude>
    <ClInclude Include="include\ThirdParty\assimp\XmlParser.h">
      <Filter>Header Files</Filter>
    </ClInclude>
    <ClInclude Include="include\ThirdParty\assimp\XMLTools.h">
      <Filter>Header Files</Filter>
    </ClInclude>
    <ClInclude Include="include\ThirdParty\assimp\ZipArchiveIOSystem.h">
      <Filter>Header Files</Filter>
    </ClInclude>
    <ClInclude Include="include\Engine\Scene\Model.h">
      <Filter>Header Files</Filter>
    </ClInclude>
    <ClInclude Include="include\Interface\IResource.h">
      <Filter>Header Files</Filter>
    </ClInclude>
    <ClInclude Include="include\Engine\GameLayer.h">
      <Filter>Header Files</Filter>
    </ClInclude>
    <ClInclude Include="include\Renderer\DX12Renderer\ShadowMap.h">
      <Filter>Header Files</Filter>
    </ClInclude>
    <ClInclude Include="include\Renderer\DX12Renderer\DescriptorHeap.h">
      <Filter>Header Files</Filter>
    </ClInclude>
    <ClInclude Include="include\Helper\DX12Util.h">
      <Filter>Header Files</Filter>
    </ClInclude>
    <ClInclude Include="include\Renderer\DX12Renderer\FrameBuffer.h">
      <Filter>Header Files</Filter>
    </ClInclude>
    <ClInclude Include="include\Renderer\DX12Renderer\SSAO.h">
      <Filter>Header Files</Filter>
    </ClInclude>
    <ClInclude Include="include\Renderer\DX12Renderer\MipMap.h">
      <Filter>Header Files</Filter>
    </ClInclude>
    <ClInclude Include="MipMapBuffer.h">
      <Filter>Header Files</Filter>
    </ClInclude>
  </ItemGroup>
  <ItemGroup>
    <ClCompile Include="src\Engine\Application.cpp">
      <Filter>Source Files</Filter>
    </ClCompile>
    <ClCompile Include="src\Engine\Log.cpp">
      <Filter>Source Files</Filter>
    </ClCompile>
    <ClCompile Include="src\pch.cpp">
      <Filter>Source Files</Filter>
    </ClCompile>
    <ClCompile Include="src\Engine\ImguiManager.cpp">
      <Filter>Source Files</Filter>
    </ClCompile>
    <ClCompile Include="src\Engine\Window.cpp">
      <Filter>Source Files</Filter>
    </ClCompile>
    <ClCompile Include="src\Engine\GameTimer.cpp">
      <Filter>Source Files</Filter>
    </ClCompile>
    <ClCompile Include="src\Renderer\DX12Renderer\DX12Renderer.cpp">
      <Filter>Source Files</Filter>
    </ClCompile>
    <ClCompile Include="src\Renderer\DX12Renderer\Buffer.cpp">
      <Filter>Source Files</Filter>
    </ClCompile>
    <ClCompile Include="src\Renderer\DX12Renderer\Shader.cpp">
      <Filter>Source Files</Filter>
    </ClCompile>
    <ClCompile Include="src\Renderer\DX12Renderer\RootSignature.cpp">
      <Filter>Source Files</Filter>
    </ClCompile>
    <ClCompile Include="src\Engine\ResourceManager.cpp">
      <Filter>Source Files</Filter>
    </ClCompile>
    <ClCompile Include="src\Renderer\DX12Renderer\Texture.cpp">
      <Filter>Source Files</Filter>
    </ClCompile>
    <ClCompile Include="src\Renderer\DX12Renderer\InputLayout.cpp">
      <Filter>Source Files</Filter>
    </ClCompile>
    <ClCompile Include="src\ThirdParty\imgui\imgui.cpp">
      <Filter>Source Files</Filter>
    </ClCompile>
    <ClCompile Include="src\ThirdParty\imgui\imgui_demo.cpp">
      <Filter>Source Files</Filter>
    </ClCompile>
    <ClCompile Include="src\ThirdParty\imgui\imgui_draw.cpp">
      <Filter>Source Files</Filter>
    </ClCompile>
    <ClCompile Include="src\ThirdParty\imgui\imgui_impl_dx12.cpp">
      <Filter>Source Files</Filter>
    </ClCompile>
    <ClCompile Include="src\ThirdParty\imgui\imgui_impl_win32.cpp">
      <Filter>Source Files</Filter>
    </ClCompile>
    <ClCompile Include="src\ThirdParty\imgui\imgui_tables.cpp">
      <Filter>Source Files</Filter>
    </ClCompile>
    <ClCompile Include="src\ThirdParty\imgui\imgui_widgets.cpp">
      <Filter>Source Files</Filter>
    </ClCompile>
    <ClCompile Include="src\Helper\DX12CommonHeader.cpp">
      <Filter>Source Files</Filter>
    </ClCompile>
    <ClCompile Include="src\ThirdParty\WICTextureLoader\WICTextureLoader12.cpp">
      <Filter>Source Files</Filter>
    </ClCompile>
    <ClCompile Include="src\Renderer\DX12Renderer\RenderItem.cpp">
      <Filter>Source Files</Filter>
    </ClCompile>
    <ClCompile Include="src\Helper\MathHelper.cpp">
      <Filter>Source Files</Filter>
    </ClCompile>
    <ClCompile Include="src\Engine\Scene\Mesh.cpp">
      <Filter>Source Files</Filter>
    </ClCompile>
    <ClCompile Include="src\Renderer\DX12Renderer\PSO.cpp">
      <Filter>Source Files</Filter>
    </ClCompile>
    <ClCompile Include="src\Engine\Scene\Camera.cpp">
      <Filter>Source Files</Filter>
    </ClCompile>
    <ClCompile Include="src\Renderer\DX12Renderer\FrameResource.cpp">
      <Filter>Source Files</Filter>
    </ClCompile>
    <ClCompile Include="src\Engine\Scene\SceneManager.cpp">
      <Filter>Source Files</Filter>
    </ClCompile>
    <ClCompile Include="src\Helper\FileHelper.cpp">
      <Filter>Source Files</Filter>
    </ClCompile>
    <ClCompile Include="src\Engine\Scene\Model.cpp">
      <Filter>Source Files</Filter>
    </ClCompile>
    <ClCompile Include="src\Renderer\DX12Renderer\ShadowMap.cpp">
      <Filter>Source Files</Filter>
    </ClCompile>
    <ClCompile Include="src\Renderer\DX12Renderer\DescriptorHeap.cpp">
      <Filter>Source Files</Filter>
    </ClCompile>
    <ClCompile Include="src\Helper\DX12Util.cpp">
      <Filter>Source Files</Filter>
    </ClCompile>
    <ClCompile Include="src\Renderer\DX12Renderer\FrameBuffer.cpp">
      <Filter>Source Files</Filter>
    </ClCompile>
    <ClCompile Include="src\Renderer\DX12Renderer\SSAO.cpp">
      <Filter>Source Files</Filter>
    </ClCompile>
    <ClCompile Include="src\Renderer\DX12Renderer\MipMap.cpp">
      <Filter>Source Files</Filter>
    </ClCompile>
    <ClCompile Include="MipMapBuffer.cpp">
      <Filter>Source Files</Filter>
    </ClCompile>
  </ItemGroup>
  <ItemGroup>
    <ResourceCompile Include="ChickenEngine.rc">
      <Filter>Resource Files</Filter>
    </ResourceCompile>
  </ItemGroup>
  <ItemGroup>
    <FxCompile Include="shaders\Default.hlsl" />
    <FxCompile Include="shaders\Util\Common.hlsl" />
    <FxCompile Include="shaders\Util\BRDF.hlsl" />
    <FxCompile Include="shaders\ShadowGenerate.hlsl" />
    <FxCompile Include="shaders\ShadowDebug.hlsl" />
    <FxCompile Include="shaders\Util\ToneMapping.hlsl" />
    <FxCompile Include="shaders\VSMGenerate.hlsl" />
    <FxCompile Include="shaders\Util\ShadowUtil.hlsl" />
    <FxCompile Include="shaders\Mipfloat4.hlsl" />
    <FxCompile Include="shaders\Mipfloat2.hlsl" />
  </ItemGroup>
  <ItemGroup>
    <None Include="include\ThirdParty\assimp\.editorconfig" />
    <None Include="include\ThirdParty\assimp\color4.inl">
      <Filter>Header Files</Filter>
    </None>
    <None Include="include\ThirdParty\assimp\config.h.in" />
    <None Include="include\ThirdParty\assimp\material.inl">
      <Filter>Header Files</Filter>
    </None>
    <None Include="include\ThirdParty\assimp\matrix3x3.inl">
      <Filter>Header Files</Filter>
    </None>
    <None Include="include\ThirdParty\assimp\matrix4x4.inl">
      <Filter>Header Files</Filter>
    </None>
    <None Include="include\ThirdParty\assimp\quaternion.inl">
      <Filter>Header Files</Filter>
    </None>
    <None Include="include\ThirdParty\assimp\SmoothingGroups.inl">
      <Filter>Header Files</Filter>
    </None>
    <None Include="include\ThirdParty\assimp\vector2.inl">
      <Filter>Header Files</Filter>
    </None>
    <None Include="include\ThirdParty\assimp\vector3.inl">
      <Filter>Header Files</Filter>
    </None>
  </ItemGroup>
</Project>